
Microsoft Visual Studio Solution File, Format Version 12.00
# Visual Studio Version 17
VisualStudioVersion = 17.6.33723.286
MinimumVisualStudioVersion = 10.0.40219.1
Project("{FAE04EC0-301F-11D3-BF4B-00C04F79EFBC}") = "ControllersExample", "ControllersExample\ControllersExample.csproj", "{FB5F28AE-75BC-4C28-A38F-8CDC9AD392FA}"
EndProject
Global
	GlobalSection(SolutionConfigurationPlatforms) = preSolution
		Debug|Any CPU = Debug|Any CPU
		Release|Any CPU = Release|Any CPU
	EndGlobalSection
	GlobalSection(ProjectConfigurationPlatforms) = postSolution
		{FB5F28AE-75BC-4C28-A38F-8CDC9AD392FA}.Debug|Any CPU.ActiveCfg = Debug|Any CPU
		{FB5F28AE-75BC-4C28-A38F-8CDC9AD392FA}.Debug|Any CPU.Build.0 = Debug|Any CPU
		{FB5F28AE-75BC-4C28-A38F-8CDC9AD392FA}.Release|Any CPU.ActiveCfg = Release|Any CPU
		{FB5F28AE-75BC-4C28-A38F-8CDC9AD392FA}.Release|Any CPU.Build.0 = Release|Any CPU
	EndGlobalSection
	GlobalSection(SolutionProperties) = preSolution
		HideSolutionNode = FALSE
	EndGlobalSection
	GlobalSection(ExtensibilityGlobals) = postSolution
		SolutionGuid = {B51DA269-232C-4730-9C43-ED3BFF29D2AF}
	EndGlobalSection
EndGlobal
